
Microsoft Visual Studio Solution File, Format Version 12.00
# Visual Studio Version 17
VisualStudioVersion = 17.3.32929.385
MinimumVisualStudioVersion = 10.0.40219.1
Project("{FAE04EC0-301F-11D3-BF4B-00C04F79EFBC}") = "Shooting", "Shooting\Shooting.csproj", "{A2E2C810-B9FE-48E3-9748-F78765ABD9CC}"
EndProject
Global
	GlobalSection(SolutionConfigurationPlatforms) = preSolution
		Debug|Any CPU = Debug|Any CPU
		Release|Any CPU = Release|Any CPU
	EndGlobalSection
	GlobalSection(ProjectConfigurationPlatforms) = postSolution
		{A2E2C810-B9FE-48E3-9748-F78765ABD9CC}.Debug|Any CPU.ActiveCfg = Debug|Any CPU
		{A2E2C810-B9FE-48E3-9748-F78765ABD9CC}.Debug|Any CPU.Build.0 = Debug|Any CPU
		{A2E2C810-B9FE-48E3-9748-F78765ABD9CC}.Release|Any CPU.ActiveCfg = Release|Any CPU
		{A2E2C810-B9FE-48E3-9748-F78765ABD9CC}.Release|Any CPU.Build.0 = Release|Any CPU
	EndGlobalSection
	GlobalSection(SolutionProperties) = preSolution
		HideSolutionNode = FALSE
	EndGlobalSection
	GlobalSection(ExtensibilityGlobals) = postSolution
		SolutionGuid = {BA9BDA08-8055-4663-AEE0-29F3552BDA0D}
	EndGlobalSection
EndGlobal
