
Microsoft Visual Studio Solution File, Format Version 12.00
# Visual Studio Version 17
VisualStudioVersion = 17.3.32929.385
MinimumVisualStudioVersion = 10.0.40219.1
Project("{9A19103F-16F7-4668-BE54-9A1E7A4F7556}") = "Shooting", "Shooting\Shooting.csproj", "{A2E2C810-B9FE-48E3-9748-F78765ABD9CC}"
EndProject
Project("{9A19103F-16F7-4668-BE54-9A1E7A4F7556}") = "RotateTest", "RotateTest\RotateTest.csproj", "{66C4DF00-8E1D-4C1E-9CC9-746C1459E8B1}"
EndProject
Project("{9A19103F-16F7-4668-BE54-9A1E7A4F7556}") = "AdditiveSynthesisTest", "AdditiveSynthesisTest\AdditiveSynthesisTest.csproj", "{78CC88E3-00C4-40BC-B60C-9B36AE337E42}"
EndProject
Project("{9A19103F-16F7-4668-BE54-9A1E7A4F7556}") = "DrawImageTest", "DrawImageTest\DrawImageTest.csproj", "{3BA02AAB-6B03-4BC9-AD2E-84896810B819}"
EndProject
Project("{9A19103F-16F7-4668-BE54-9A1E7A4F7556}") = "TimerTest", "TimerTest\TimerTest.csproj", "{E127172A-6F9B-48C4-8349-704BD052F210}"
EndProject
Project("{9A19103F-16F7-4668-BE54-9A1E7A4F7556}") = "ScaleUpDownTest", "ScaleUpDownTest\ScaleUpDownTest.csproj", "{62CE6BA2-1A92-48DF-8E32-428E499678D0}"
EndProject
Project("{9A19103F-16F7-4668-BE54-9A1E7A4F7556}") = "AnimationTest", "AnimationTest\AnimationTest.csproj", "{80594CB7-482A-4D18-B39D-1CAC598ABDCC}"
EndProject
Project("{9A19103F-16F7-4668-BE54-9A1E7A4F7556}") = "KeyInputTest", "KeyInputTest\KeyInputTest.csproj", "{1B10E2FD-2245-46A7-90C8-272254AD8F2E}"
EndProject
Project("{9A19103F-16F7-4668-BE54-9A1E7A4F7556}") = "ClassTest", "ClassTest\ClassTest.csproj", "{B2573089-E8F2-4DBB-BD7C-1635C02E364F}"
EndProject
Project("{9A19103F-16F7-4668-BE54-9A1E7A4F7556}") = "EnemyTest", "EnemyTest\EnemyTest.csproj", "{A6ADB7B3-C772-43B7-8F94-BBAAB39875C5}"
EndProject
Project("{9A19103F-16F7-4668-BE54-9A1E7A4F7556}") = "ShotTest", "ShotTest\ShotTest.csproj", "{558CE921-6319-4F46-93EC-5A7F0BB3DAC0}"
EndProject
Project("{9A19103F-16F7-4668-BE54-9A1E7A4F7556}") = "BulletTest", "BulletTest\BulletTest.csproj", "{93018FDB-8FF2-4AE4-BA8A-B223EB9525B8}"
EndProject
Project("{9A19103F-16F7-4668-BE54-9A1E7A4F7556}") = "NAudioTest", "NAudioTest\NAudioTest.csproj", "{34280F51-D48C-4D00-A916-9E0282AFEFFE}"
EndProject
Project("{FAE04EC0-301F-11D3-BF4B-00C04F79EFBC}") = "BackgroundTest", "BackgroundTest\BackgroundTest.csproj", "{D6A5EC59-745B-4284-8CC9-19BC10FE9A92}"
EndProject
Global
	GlobalSection(SolutionConfigurationPlatforms) = preSolution
		Debug|Any CPU = Debug|Any CPU
		Release|Any CPU = Release|Any CPU
	EndGlobalSection
	GlobalSection(ProjectConfigurationPlatforms) = postSolution
		{A2E2C810-B9FE-48E3-9748-F78765ABD9CC}.Debug|Any CPU.ActiveCfg = Debug|Any CPU
		{A2E2C810-B9FE-48E3-9748-F78765ABD9CC}.Debug|Any CPU.Build.0 = Debug|Any CPU
		{A2E2C810-B9FE-48E3-9748-F78765ABD9CC}.Release|Any CPU.ActiveCfg = Release|Any CPU
		{A2E2C810-B9FE-48E3-9748-F78765ABD9CC}.Release|Any CPU.Build.0 = Release|Any CPU
		{66C4DF00-8E1D-4C1E-9CC9-746C1459E8B1}.Debug|Any CPU.ActiveCfg = Debug|Any CPU
		{66C4DF00-8E1D-4C1E-9CC9-746C1459E8B1}.Debug|Any CPU.Build.0 = Debug|Any CPU
		{66C4DF00-8E1D-4C1E-9CC9-746C1459E8B1}.Release|Any CPU.ActiveCfg = Release|Any CPU
		{66C4DF00-8E1D-4C1E-9CC9-746C1459E8B1}.Release|Any CPU.Build.0 = Release|Any CPU
		{78CC88E3-00C4-40BC-B60C-9B36AE337E42}.Debug|Any CPU.ActiveCfg = Debug|Any CPU
		{78CC88E3-00C4-40BC-B60C-9B36AE337E42}.Debug|Any CPU.Build.0 = Debug|Any CPU
		{78CC88E3-00C4-40BC-B60C-9B36AE337E42}.Release|Any CPU.ActiveCfg = Release|Any CPU
		{78CC88E3-00C4-40BC-B60C-9B36AE337E42}.Release|Any CPU.Build.0 = Release|Any CPU
		{3BA02AAB-6B03-4BC9-AD2E-84896810B819}.Debug|Any CPU.ActiveCfg = Debug|Any CPU
		{3BA02AAB-6B03-4BC9-AD2E-84896810B819}.Debug|Any CPU.Build.0 = Debug|Any CPU
		{3BA02AAB-6B03-4BC9-AD2E-84896810B819}.Release|Any CPU.ActiveCfg = Release|Any CPU
		{3BA02AAB-6B03-4BC9-AD2E-84896810B819}.Release|Any CPU.Build.0 = Release|Any CPU
		{E127172A-6F9B-48C4-8349-704BD052F210}.Debug|Any CPU.ActiveCfg = Debug|Any CPU
		{E127172A-6F9B-48C4-8349-704BD052F210}.Debug|Any CPU.Build.0 = Debug|Any CPU
		{E127172A-6F9B-48C4-8349-704BD052F210}.Release|Any CPU.ActiveCfg = Release|Any CPU
		{E127172A-6F9B-48C4-8349-704BD052F210}.Release|Any CPU.Build.0 = Release|Any CPU
		{62CE6BA2-1A92-48DF-8E32-428E499678D0}.Debug|Any CPU.ActiveCfg = Debug|Any CPU
		{62CE6BA2-1A92-48DF-8E32-428E499678D0}.Debug|Any CPU.Build.0 = Debug|Any CPU
		{62CE6BA2-1A92-48DF-8E32-428E499678D0}.Release|Any CPU.ActiveCfg = Release|Any CPU
		{62CE6BA2-1A92-48DF-8E32-428E499678D0}.Release|Any CPU.Build.0 = Release|Any CPU
		{80594CB7-482A-4D18-B39D-1CAC598ABDCC}.Debug|Any CPU.ActiveCfg = Debug|Any CPU
		{80594CB7-482A-4D18-B39D-1CAC598ABDCC}.Debug|Any CPU.Build.0 = Debug|Any CPU
		{80594CB7-482A-4D18-B39D-1CAC598ABDCC}.Release|Any CPU.ActiveCfg = Release|Any CPU
		{80594CB7-482A-4D18-B39D-1CAC598ABDCC}.Release|Any CPU.Build.0 = Release|Any CPU
		{1B10E2FD-2245-46A7-90C8-272254AD8F2E}.Debug|Any CPU.ActiveCfg = Debug|Any CPU
		{1B10E2FD-2245-46A7-90C8-272254AD8F2E}.Debug|Any CPU.Build.0 = Debug|Any CPU
		{1B10E2FD-2245-46A7-90C8-272254AD8F2E}.Release|Any CPU.ActiveCfg = Release|Any CPU
		{1B10E2FD-2245-46A7-90C8-272254AD8F2E}.Release|Any CPU.Build.0 = Release|Any CPU
		{B2573089-E8F2-4DBB-BD7C-1635C02E364F}.Debug|Any CPU.ActiveCfg = Debug|Any CPU
		{B2573089-E8F2-4DBB-BD7C-1635C02E364F}.Debug|Any CPU.Build.0 = Debug|Any CPU
		{B2573089-E8F2-4DBB-BD7C-1635C02E364F}.Release|Any CPU.ActiveCfg = Release|Any CPU
		{B2573089-E8F2-4DBB-BD7C-1635C02E364F}.Release|Any CPU.Build.0 = Release|Any CPU
		{A6ADB7B3-C772-43B7-8F94-BBAAB39875C5}.Debug|Any CPU.ActiveCfg = Debug|Any CPU
		{A6ADB7B3-C772-43B7-8F94-BBAAB39875C5}.Debug|Any CPU.Build.0 = Debug|Any CPU
		{A6ADB7B3-C772-43B7-8F94-BBAAB39875C5}.Release|Any CPU.ActiveCfg = Release|Any CPU
		{A6ADB7B3-C772-43B7-8F94-BBAAB39875C5}.Release|Any CPU.Build.0 = Release|Any CPU
		{558CE921-6319-4F46-93EC-5A7F0BB3DAC0}.Debug|Any CPU.ActiveCfg = Debug|Any CPU
		{558CE921-6319-4F46-93EC-5A7F0BB3DAC0}.Debug|Any CPU.Build.0 = Debug|Any CPU
		{558CE921-6319-4F46-93EC-5A7F0BB3DAC0}.Release|Any CPU.ActiveCfg = Release|Any CPU
		{558CE921-6319-4F46-93EC-5A7F0BB3DAC0}.Release|Any CPU.Build.0 = Release|Any CPU
		{93018FDB-8FF2-4AE4-BA8A-B223EB9525B8}.Debug|Any CPU.ActiveCfg = Debug|Any CPU
		{93018FDB-8FF2-4AE4-BA8A-B223EB9525B8}.Debug|Any CPU.Build.0 = Debug|Any CPU
		{93018FDB-8FF2-4AE4-BA8A-B223EB9525B8}.Release|Any CPU.ActiveCfg = Release|Any CPU
		{93018FDB-8FF2-4AE4-BA8A-B223EB9525B8}.Release|Any CPU.Build.0 = Release|Any CPU
		{34280F51-D48C-4D00-A916-9E0282AFEFFE}.Debug|Any CPU.ActiveCfg = Debug|Any CPU
		{34280F51-D48C-4D00-A916-9E0282AFEFFE}.Debug|Any CPU.Build.0 = Debug|Any CPU
		{34280F51-D48C-4D00-A916-9E0282AFEFFE}.Release|Any CPU.ActiveCfg = Release|Any CPU
		{34280F51-D48C-4D00-A916-9E0282AFEFFE}.Release|Any CPU.Build.0 = Release|Any CPU
		{D6A5EC59-745B-4284-8CC9-19BC10FE9A92}.Debug|Any CPU.ActiveCfg = Debug|Any CPU
		{D6A5EC59-745B-4284-8CC9-19BC10FE9A92}.Debug|Any CPU.Build.0 = Debug|Any CPU
		{D6A5EC59-745B-4284-8CC9-19BC10FE9A92}.Release|Any CPU.ActiveCfg = Release|Any CPU
		{D6A5EC59-745B-4284-8CC9-19BC10FE9A92}.Release|Any CPU.Build.0 = Release|Any CPU
	EndGlobalSection
	GlobalSection(SolutionProperties) = preSolution
		HideSolutionNode = FALSE
	EndGlobalSection
	GlobalSection(ExtensibilityGlobals) = postSolution
		SolutionGuid = {BA9BDA08-8055-4663-AEE0-29F3552BDA0D}
	EndGlobalSection
EndGlobal
